
Microsoft Visual Studio Solution File, Format Version 12.00
# Visual Studio Version 16
VisualStudioVersion = 16.0.30804.86
MinimumVisualStudioVersion = 10.0.40219.1
Project("{9A19103F-16F7-4668-BE54-9A1E7A4F7556}") = "ProjetoSenhaAleatoria", "ProjetoSenhaAleatoria\ProjetoSenhaAleatoria.csproj", "{B42B4A66-514A-4A78-8B06-5A9A3FFECC34}"
EndProject
Project("{54435603-DBB4-11D2-8724-00A0C9A8B90C}") = "Installer Senhas Aleatórias", "ProjetoSenhaAleatoria\Installer\Installer Senhas Aleatórias\Installer Senhas Aleatórias.vdproj", "{8C6522A9-F696-4803-BB39-4318B3477588}"
EndProject
Global
	GlobalSection(SolutionConfigurationPlatforms) = preSolution
		Debug|Any CPU = Debug|Any CPU
		Release|Any CPU = Release|Any CPU
	EndGlobalSection
	GlobalSection(ProjectConfigurationPlatforms) = postSolution
		{B42B4A66-514A-4A78-8B06-5A9A3FFECC34}.Debug|Any CPU.ActiveCfg = Debug|Any CPU
		{B42B4A66-514A-4A78-8B06-5A9A3FFECC34}.Debug|Any CPU.Build.0 = Debug|Any CPU
		{B42B4A66-514A-4A78-8B06-5A9A3FFECC34}.Release|Any CPU.ActiveCfg = Release|Any CPU
		{B42B4A66-514A-4A78-8B06-5A9A3FFECC34}.Release|Any CPU.Build.0 = Release|Any CPU
		{8C6522A9-F696-4803-BB39-4318B3477588}.Debug|Any CPU.ActiveCfg = Debug
		{8C6522A9-F696-4803-BB39-4318B3477588}.Release|Any CPU.ActiveCfg = Release
	EndGlobalSection
	GlobalSection(SolutionProperties) = preSolution
		HideSolutionNode = FALSE
	EndGlobalSection
	GlobalSection(ExtensibilityGlobals) = postSolution
		SolutionGuid = {5D765C0B-2BF6-4D39-86A3-30C2EF159EAC}
	EndGlobalSection
EndGlobal
